
Microsoft Visual Studio Solution File, Format Version 12.00
# Visual Studio Version 17
VisualStudioVersion = 17.10.35122.118
MinimumVisualStudioVersion = 10.0.40219.1
Project("{F184B08F-C81C-45F6-A57F-5ABD9991F28F}") = "Prueba Itinerarios 4° Año", "Prueba Itinerarios 4° Año\Prueba Itinerarios 4° Año.vbproj", "{382C3A11-7102-43B3-8734-97514EB34878}"
EndProject
Global
	GlobalSection(SolutionConfigurationPlatforms) = preSolution
		Debug|Any CPU = Debug|Any CPU
		Release|Any CPU = Release|Any CPU
	EndGlobalSection
	GlobalSection(ProjectConfigurationPlatforms) = postSolution
		{382C3A11-7102-43B3-8734-97514EB34878}.Debug|Any CPU.ActiveCfg = Debug|Any CPU
		{382C3A11-7102-43B3-8734-97514EB34878}.Debug|Any CPU.Build.0 = Debug|Any CPU
		{382C3A11-7102-43B3-8734-97514EB34878}.Release|Any CPU.ActiveCfg = Release|Any CPU
		{382C3A11-7102-43B3-8734-97514EB34878}.Release|Any CPU.Build.0 = Release|Any CPU
	EndGlobalSection
	GlobalSection(SolutionProperties) = preSolution
		HideSolutionNode = FALSE
	EndGlobalSection
	GlobalSection(ExtensibilityGlobals) = postSolution
		SolutionGuid = {E49CA425-9BF4-4147-BF64-4A2BCE68F3EE}
	EndGlobalSection
EndGlobal
